
Microsoft Visual Studio Solution File, Format Version 12.00
# Visual Studio 15
VisualStudioVersion = 15.0.26124.0
MinimumVisualStudioVersion = 15.0.26124.0
Project("{FAE04EC0-301F-11D3-BF4B-00C04F79EFBC}") = "Application", "Application\Application.csproj", "{A93177F7-A6CF-4708-9008-26D62113993D}"
EndProject
Project("{FAE04EC0-301F-11D3-BF4B-00C04F79EFBC}") = "ShopUI", "ShopUI\ShopUI.csproj", "{95DB0D88-6DD9-44B1-9B36-201DD40FF93A}"
EndProject
Project("{FAE04EC0-301F-11D3-BF4B-00C04F79EFBC}") = "Domain", "Domain\Domain.csproj", "{CA43085D-1C73-4CC6-B78E-0431CAAA9E27}"
EndProject
Project("{FAE04EC0-301F-11D3-BF4B-00C04F79EFBC}") = "Database", "Database\Database.csproj", "{42591409-8DD8-41C0-882C-F4B3E5AD2C6D}"
EndProject
Global
	GlobalSection(SolutionConfigurationPlatforms) = preSolution
		Debug|Any CPU = Debug|Any CPU
		Debug|x64 = Debug|x64
		Debug|x86 = Debug|x86
		Release|Any CPU = Release|Any CPU
		Release|x64 = Release|x64
		Release|x86 = Release|x86
	EndGlobalSection
	GlobalSection(SolutionProperties) = preSolution
		HideSolutionNode = FALSE
	EndGlobalSection
	GlobalSection(ProjectConfigurationPlatforms) = postSolution
		{A93177F7-A6CF-4708-9008-26D62113993D}.Debug|Any CPU.ActiveCfg = Debug|Any CPU
		{A93177F7-A6CF-4708-9008-26D62113993D}.Debug|Any CPU.Build.0 = Debug|Any CPU
		{A93177F7-A6CF-4708-9008-26D62113993D}.Debug|x64.ActiveCfg = Debug|Any CPU
		{A93177F7-A6CF-4708-9008-26D62113993D}.Debug|x64.Build.0 = Debug|Any CPU
		{A93177F7-A6CF-4708-9008-26D62113993D}.Debug|x86.ActiveCfg = Debug|Any CPU
		{A93177F7-A6CF-4708-9008-26D62113993D}.Debug|x86.Build.0 = Debug|Any CPU
		{A93177F7-A6CF-4708-9008-26D62113993D}.Release|Any CPU.ActiveCfg = Release|Any CPU
		{A93177F7-A6CF-4708-9008-26D62113993D}.Release|Any CPU.Build.0 = Release|Any CPU
		{A93177F7-A6CF-4708-9008-26D62113993D}.Release|x64.ActiveCfg = Release|Any CPU
		{A93177F7-A6CF-4708-9008-26D62113993D}.Release|x64.Build.0 = Release|Any CPU
		{A93177F7-A6CF-4708-9008-26D62113993D}.Release|x86.ActiveCfg = Release|Any CPU
		{A93177F7-A6CF-4708-9008-26D62113993D}.Release|x86.Build.0 = Release|Any CPU
		{95DB0D88-6DD9-44B1-9B36-201DD40FF93A}.Debug|Any CPU.ActiveCfg = Debug|Any CPU
		{95DB0D88-6DD9-44B1-9B36-201DD40FF93A}.Debug|Any CPU.Build.0 = Debug|Any CPU
		{95DB0D88-6DD9-44B1-9B36-201DD40FF93A}.Debug|x64.ActiveCfg = Debug|Any CPU
		{95DB0D88-6DD9-44B1-9B36-201DD40FF93A}.Debug|x64.Build.0 = Debug|Any CPU
		{95DB0D88-6DD9-44B1-9B36-201DD40FF93A}.Debug|x86.ActiveCfg = Debug|Any CPU
		{95DB0D88-6DD9-44B1-9B36-201DD40FF93A}.Debug|x86.Build.0 = Debug|Any CPU
		{95DB0D88-6DD9-44B1-9B36-201DD40FF93A}.Release|Any CPU.ActiveCfg = Release|Any CPU
		{95DB0D88-6DD9-44B1-9B36-201DD40FF93A}.Release|Any CPU.Build.0 = Release|Any CPU
		{95DB0D88-6DD9-44B1-9B36-201DD40FF93A}.Release|x64.ActiveCfg = Release|Any CPU
		{95DB0D88-6DD9-44B1-9B36-201DD40FF93A}.Release|x64.Build.0 = Release|Any CPU
		{95DB0D88-6DD9-44B1-9B36-201DD40FF93A}.Release|x86.ActiveCfg = Release|Any CPU
		{95DB0D88-6DD9-44B1-9B36-201DD40FF93A}.Release|x86.Build.0 = Release|Any CPU
		{CA43085D-1C73-4CC6-B78E-0431CAAA9E27}.Debug|Any CPU.ActiveCfg = Debug|Any CPU
		{CA43085D-1C73-4CC6-B78E-0431CAAA9E27}.Debug|Any CPU.Build.0 = Debug|Any CPU
		{CA43085D-1C73-4CC6-B78E-0431CAAA9E27}.Debug|x64.ActiveCfg = Debug|Any CPU
		{CA43085D-1C73-4CC6-B78E-0431CAAA9E27}.Debug|x64.Build.0 = Debug|Any CPU
		{CA43085D-1C73-4CC6-B78E-0431CAAA9E27}.Debug|x86.ActiveCfg = Debug|Any CPU
		{CA43085D-1C73-4CC6-B78E-0431CAAA9E27}.Debug|x86.Build.0 = Debug|Any CPU
		{CA43085D-1C73-4CC6-B78E-0431CAAA9E27}.Release|Any CPU.ActiveCfg = Release|Any CPU
		{CA43085D-1C73-4CC6-B78E-0431CAAA9E27}.Release|Any CPU.Build.0 = Release|Any CPU
		{CA43085D-1C73-4CC6-B78E-0431CAAA9E27}.Release|x64.ActiveCfg = Release|Any CPU
		{CA43085D-1C73-4CC6-B78E-0431CAAA9E27}.Release|x64.Build.0 = Release|Any CPU
		{CA43085D-1C73-4CC6-B78E-0431CAAA9E27}.Release|x86.ActiveCfg = Release|Any CPU
		{CA43085D-1C73-4CC6-B78E-0431CAAA9E27}.Release|x86.Build.0 = Release|Any CPU
		{42591409-8DD8-41C0-882C-F4B3E5AD2C6D}.Debug|Any CPU.ActiveCfg = Debug|Any CPU
		{42591409-8DD8-41C0-882C-F4B3E5AD2C6D}.Debug|Any CPU.Build.0 = Debug|Any CPU
		{42591409-8DD8-41C0-882C-F4B3E5AD2C6D}.Debug|x64.ActiveCfg = Debug|Any CPU
		{42591409-8DD8-41C0-882C-F4B3E5AD2C6D}.Debug|x64.Build.0 = Debug|Any CPU
		{42591409-8DD8-41C0-882C-F4B3E5AD2C6D}.Debug|x86.ActiveCfg = Debug|Any CPU
		{42591409-8DD8-41C0-882C-F4B3E5AD2C6D}.Debug|x86.Build.0 = Debug|Any CPU
		{42591409-8DD8-41C0-882C-F4B3E5AD2C6D}.Release|Any CPU.ActiveCfg = Release|Any CPU
		{42591409-8DD8-41C0-882C-F4B3E5AD2C6D}.Release|Any CPU.Build.0 = Release|Any CPU
		{42591409-8DD8-41C0-882C-F4B3E5AD2C6D}.Release|x64.ActiveCfg = Release|Any CPU
		{42591409-8DD8-41C0-882C-F4B3E5AD2C6D}.Release|x64.Build.0 = Release|Any CPU
		{42591409-8DD8-41C0-882C-F4B3E5AD2C6D}.Release|x86.ActiveCfg = Release|Any CPU
		{42591409-8DD8-41C0-882C-F4B3E5AD2C6D}.Release|x86.Build.0 = Release|Any CPU
	EndGlobalSection
EndGlobal
